// !$*UTF8*$!
{
	archiveVersion = 1;
	classes = {
	};
	objectVersion = 46;
	objects = {

/* Begin PBXBuildFile section */
		1AD626021B596E6200AB8518 /* main.m in Sources */ = {isa = PBXBuildFile; fileRef = 1AD626011B596E6200AB8518 /* main.m */; };
		1AD626051B596E6200AB8518 /* AppDelegate.m in Sources */ = {isa = PBXBuildFile; fileRef = 1AD626041B596E6200AB8518 /* AppDelegate.m */; };
		1AD626081B596E6200AB8518 /* ViewController.m in Sources */ = {isa = PBXBuildFile; fileRef = 1AD626071B596E6200AB8518 /* ViewController.m */; };
		1AD6260B1B596E6200AB8518 /* Main.storyboard in Resources */ = {isa = PBXBuildFile; fileRef = 1AD626091B596E6200AB8518 /* Main.storyboard */; };
		1AD6260D1B596E6200AB8518 /* Assets.xcassets in Resources */ = {isa = PBXBuildFile; fileRef = 1AD6260C1B596E6200AB8518 /* Assets.xcassets */; };
		1AD626101B596E6200AB8518 /* LaunchScreen.storyboard in Resources */ = {isa = PBXBuildFile; fileRef = 1AD6260E1B596E6200AB8518 /* LaunchScreen.storyboard */; };
		9D487F3206CB929A32D15B78 /* Pods_Duotone.framework in Frameworks */ = {isa = PBXBuildFile; fileRef = 67867A9C09B3552EA5F1C4AD /* Pods_Duotone.framework */; };
/* End PBXBuildFile section */

/* Begin PBXFileReference section */
		1AD625FD1B596E6200AB8518 /* Duotone.app */ = {isa = PBXFileReference; explicitFileType = wrapper.application; includeInIndex = 0; path = Duotone.app; sourceTree = BUILT_PRODUCTS_DIR; };
		1AD626011B596E6200AB8518 /* main.m */ = {isa = PBXFileReference; lastKnownFileType = sourcecode.c.objc; path = main.m; sourceTree = "<group>"; };
		1AD626031B596E6200AB8518 /* AppDelegate.h */ = {isa = PBXFileReference; lastKnownFileType = sourcecode.c.h; path = AppDelegate.h; sourceTree = "<group>"; };
		1AD626041B596E6200AB8518 /* AppDelegate.m */ = {isa = PBXFileReference; lastKnownFileType = sourcecode.c.objc; path = AppDelegate.m; sourceTree = "<group>"; };
		1AD626061B596E6200AB8518 /* ViewController.h */ = {isa = PBXFileReference; lastKnownFileType = sourcecode.c.h; path = ViewController.h; sourceTree = "<group>"; };
		1AD626071B596E6200AB8518 /* ViewController.m */ = {isa = PBXFileReference; lastKnownFileType = sourcecode.c.objc; path = ViewController.m; sourceTree = "<group>"; };
		1AD6260A1B596E6200AB8518 /* Base */ = {isa = PBXFileReference; lastKnownFileType = file.storyboard; name = Base; path = Base.lproj/Main.storyboard; sourceTree = "<group>"; };
		1AD6260C1B596E6200AB8518 /* Assets.xcassets */ = {isa = PBXFileReference; lastKnownFileType = folder.assetcatalog; path = Assets.xcassets; sourceTree = "<group>"; };
		1AD6260F1B596E6200AB8518 /* Base */ = {isa = PBXFileReference; lastKnownFileType = file.storyboard; name = Base; path = Base.lproj/LaunchScreen.storyboard; sourceTree = "<group>"; };
		1AD626111B596E6200AB8518 /* Info.plist */ = {isa = PBXFileReference; lastKnownFileType = text.plist.xml; path = Info.plist; sourceTree = "<group>"; };
		26D1C1256899BF7BCC60DEC0 /* Pods-Duotone.release.xcconfig */ = {isa = PBXFileReference; includeInIndex = 1; lastKnownFileType = text.xcconfig; name = "Pods-Duotone.release.xcconfig"; path = "Pods/Target Support Files/Pods-Duotone/Pods-Duotone.release.xcconfig"; sourceTree = "<group>"; };
		4B761D1E0956A1FEFAF6D024 /* Pods-Duotone.debug.xcconfig */ = {isa = PBXFileReference; includeInIndex = 1; lastKnownFileType = text.xcconfig; name = "Pods-Duotone.debug.xcconfig"; path = "Pods/Target Support Files/Pods-Duotone/Pods-Duotone.debug.xcconfig"; sourceTree = "<group>"; };
		67867A9C09B3552EA5F1C4AD /* Pods_Duotone.framework */ = {isa = PBXFileReference; explicitFileType = wrapper.framework; includeInIndex = 0; path = Pods_Duotone.framework; sourceTree = BUILT_PRODUCTS_DIR; };
/* End PBXFileReference section */

/* Begin PBXFrameworksBuildPhase section */
		1AD625FA1B596E6200AB8518 /* Frameworks */ = {
			isa = PBXFrameworksBuildPhase;
			buildActionMask = 2147483647;
			files = (
				9D487F3206CB929A32D15B78 /* Pods_Duotone.framework in Frameworks */,
			);
			runOnlyForDeploymentPostprocessing = 0;
		};
/* End PBXFrameworksBuildPhase section */

/* Begin PBXGroup section */
		0C95F881BB548E004A512C5D /* Pods */ = {
			isa = PBXGroup;
			children = (
				4B761D1E0956A1FEFAF6D024 /* Pods-Duotone.debug.xcconfig */,
				26D1C1256899BF7BCC60DEC0 /* Pods-Duotone.release.xcconfig */,
			);
			name = Pods;
			sourceTree = "<group>";
		};
		1AD625F41B596E6200AB8518 = {
			isa = PBXGroup;
			children = (
				1AD625FF1B596E6200AB8518 /* Duotone */,
				1AD625FE1B596E6200AB8518 /* Products */,
				0C95F881BB548E004A512C5D /* Pods */,
				68173DA63E8CE722B09891B6 /* Frameworks */,
			);
			sourceTree = "<group>";
		};
		1AD625FE1B596E6200AB8518 /* Products */ = {
			isa = PBXGroup;
			children = (
				1AD625FD1B596E6200AB8518 /* Duotone.app */,
			);
			name = Products;
			sourceTree = "<group>";
		};
		1AD625FF1B596E6200AB8518 /* Duotone */ = {
			isa = PBXGroup;
			children = (
				1AD626031B596E6200AB8518 /* AppDelegate.h */,
				1AD626041B596E6200AB8518 /* AppDelegate.m */,
				1AD626061B596E6200AB8518 /* ViewController.h */,
				1AD626071B596E6200AB8518 /* ViewController.m */,
				1AD626091B596E6200AB8518 /* Main.storyboard */,
				1AD6260C1B596E6200AB8518 /* Assets.xcassets */,
				1AD6260E1B596E6200AB8518 /* LaunchScreen.storyboard */,
				1AD626111B596E6200AB8518 /* Info.plist */,
				1AD626001B596E6200AB8518 /* Supporting Files */,
			);
			path = Duotone;
			sourceTree = "<group>";
		};
		1AD626001B596E6200AB8518 /* Supporting Files */ = {
			isa = PBXGroup;
			children = (
				1AD626011B596E6200AB8518 /* main.m */,
			);
			name = "Supporting Files";
			sourceTree = "<group>";
		};
		68173DA63E8CE722B09891B6 /* Frameworks */ = {
			isa = PBXGroup;
			children = (
				67867A9C09B3552EA5F1C4AD /* Pods_Duotone.framework */,
			);
			name = Frameworks;
			sourceTree = "<group>";
		};
/* End PBXGroup section */

/* Begin PBXNativeTarget section */
		1AD625FC1B596E6200AB8518 /* Duotone */ = {
			isa = PBXNativeTarget;
			buildConfigurationList = 1AD626141B596E6200AB8518 /* Build configuration list for PBXNativeTarget "Duotone" */;
			buildPhases = (
				583CC95B7B42094E66707747 /* [CP] Check Pods Manifest.lock */,
				1AD625F91B596E6200AB8518 /* Sources */,
				1AD625FA1B596E6200AB8518 /* Frameworks */,
				1AD625FB1B596E6200AB8518 /* Resources */,
				65899E3A0121E81DC33F578A /* [CP] Embed Pods Frameworks */,
			);
			buildRules = (
			);
			dependencies = (
			);
			name = Duotone;
			productName = Duotone;
			productReference = 1AD625FD1B596E6200AB8518 /* Duotone.app */;
			productType = "com.apple.product-type.application";
		};
/* End PBXNativeTarget section */

/* Begin PBXProject section */
		1AD625F51B596E6200AB8518 /* Project object */ = {
			isa = PBXProject;
			attributes = {
				LastUpgradeCheck = 0700;
				ORGANIZATIONNAME = 72lions;
				TargetAttributes = {
					1AD625FC1B596E6200AB8518 = {
						CreatedOnToolsVersion = 7.0;
						DevelopmentTeam = LLV33K3333;
					};
				};
			};
			buildConfigurationList = 1AD625F81B596E6200AB8518 /* Build configuration list for PBXProject "Duotone" */;
			compatibilityVersion = "Xcode 3.2";
			developmentRegion = English;
			hasScannedForEncodings = 0;
			knownRegions = (
				en,
				Base,
			);
			mainGroup = 1AD625F41B596E6200AB8518;
			productRefGroup = 1AD625FE1B596E6200AB8518 /* Products */;
			projectDirPath = "";
			projectRoot = "";
			targets = (
				1AD625FC1B596E6200AB8518 /* Duotone */,
			);
		};
/* End PBXProject section */

/* Begin PBXResourcesBuildPhase section */
		1AD625FB1B596E6200AB8518 /* Resources */ = {
			isa = PBXResourcesBuildPhase;
			buildActionMask = 2147483647;
			files = (
				1AD626101B596E6200AB8518 /* LaunchScreen.storyboard in Resources */,
				1AD6260D1B596E6200AB8518 /* Assets.xcassets in Resources */,
				1AD6260B1B596E6200AB8518 /* Main.storyboard in Resources */,
			);
			runOnlyForDeploymentPostprocessing = 0;
		};
/* End PBXResourcesBuildPhase section */

/* Begin PBXShellScriptBuildPhase section */
		583CC95B7B42094E66707747 /* [CP] Check Pods Manifest.lock */ = {
			isa = PBXShellScriptBuildPhase;
			buildActionMask = 2147483647;
			files = (
			);
			inputPaths = (
				"${PODS_PODFILE_DIR_PATH}/Podfile.lock",
				"${PODS_ROOT}/Manifest.lock",
			);
			name = "[CP] Check Pods Manifest.lock";
			outputPaths = (
				"$(DERIVED_FILE_DIR)/Pods-Duotone-checkManifestLockResult.txt",
			);
			runOnlyForDeploymentPostprocessing = 0;
			shellPath = /bin/sh;
			shellScript = "diff \"${PODS_PODFILE_DIR_PATH}/Podfile.lock\" \"${PODS_ROOT}/Manifest.lock\" > /dev/null\nif [ $? != 0 ] ; then\n    # print error to STDERR\n    echo \"error: The sandbox is not in sync with the Podfile.lock. Run 'pod install' or update your CocoaPods installation.\" >&2\n    exit 1\nfi\n# This output is used by Xcode 'outputs' to avoid re-running this script phase.\necho \"SUCCESS\" > \"${SCRIPT_OUTPUT_FILE_0}\"\n";
			showEnvVarsInLog = 0;
		};
		65899E3A0121E81DC33F578A /* [CP] Embed Pods Frameworks */ = {
			isa = PBXShellScriptBuildPhase;
			buildActionMask = 2147483647;
			files = (
			);
			inputPaths = (
				"${SRCROOT}/Pods/Target Support Files/Pods-Duotone/Pods-Duotone-frameworks.sh",
				"${BUILT_PRODUCTS_DIR}/Duotone-iOS/Duotone_iOS.framework",
			);
			name = "[CP] Embed Pods Frameworks";
			outputPaths = (
				"${TARGET_BUILD_DIR}/${FRAMEWORKS_FOLDER_PATH}/Duotone_iOS.framework",
			);
			runOnlyForDeploymentPostprocessing = 0;
			shellPath = /bin/sh;
			shellScript = "\"${SRCROOT}/Pods/Target Support Files/Pods-Duotone/Pods-Duotone-frameworks.sh\"\n";
			showEnvVarsInLog = 0;
		};
/* End PBXShellScriptBuildPhase section */

/* Begin PBXSourcesBuildPhase section */
		1AD625F91B596E6200AB8518 /* Sources */ = {
			isa = PBXSourcesBuildPhase;
			buildActionMask = 2147483647;
			files = (
				1AD626081B596E6200AB8518 /* ViewController.m in Sources */,
				1AD626051B596E6200AB8518 /* AppDelegate.m in Sources */,
				1AD626021B596E6200AB8518 /* main.m in Sources */,
			);
			runOnlyForDeploymentPostprocessing = 0;
		};
/* End PBXSourcesBuildPhase section */

/* Begin PBXVariantGroup section */
		1AD626091B596E6200AB8518 /* Main.storyboard */ = {
			isa = PBXVariantGroup;
			children = (
				1AD6260A1B596E6200AB8518 /* Base */,
			);
			name = Main.storyboard;
			sourceTree = "<group>";
		};
		1AD6260E1B596E6200AB8518 /* LaunchScreen.storyboard */ = {
			isa = PBXVariantGroup;
			children = (
				1AD6260F1B596E6200AB8518 /* Base */,
			);
			name = LaunchScreen.storyboard;
			sourceTree = "<group>";
		};
/* End PBXVariantGroup section */

/* Begin XCBuildConfiguration section */
		1AD626121B596E6200AB8518 /* Debug */ = {
			isa = XCBuildConfiguration;
			buildSettings = {
				ALWAYS_SEARCH_USER_PATHS = NO;
				CLANG_CXX_LANGUAGE_STANDARD = "gnu++0x";
				CLANG_CXX_LIBRARY = "libc++";
				CLANG_ENABLE_MODULES = YES;
				CLANG_ENABLE_OBJC_ARC = YES;
				CLANG_WARN_BOOL_CONVERSION = YES;
				CLANG_WARN_CONSTANT_CONVERSION = YES;
				CLANG_WARN_DIRECT_OBJC_ISA_USAGE = YES_ERROR;
				CLANG_WARN_EMPTY_BODY = YES;
				CLANG_WARN_ENUM_CONVERSION = YES;
				CLANG_WARN_INT_CONVERSION = YES;
				CLANG_WARN_OBJC_ROOT_CLASS = YES_ERROR;
				CLANG_WARN_UNREACHABLE_CODE = YES;
				CLANG_WARN__DUPLICATE_METHOD_MATCH = YES;
				"CODE_SIGN_IDENTITY[sdk=iphoneos*]" = "iPhone Developer";
				COPY_PHASE_STRIP = NO;
				DEBUG_INFORMATION_FORMAT = dwarf;
				ENABLE_STRICT_OBJC_MSGSEND = YES;
				ENABLE_TESTABILITY = YES;
				GCC_C_LANGUAGE_STANDARD = gnu99;
				GCC_DYNAMIC_NO_PIC = NO;
				GCC_NO_COMMON_BLOCKS = YES;
				GCC_OPTIMIZATION_LEVEL = 0;
				GCC_PREPROCESSOR_DEFINITIONS = (
					"DEBUG=1",
					"$(inherited)",
				);
				GCC_WARN_64_TO_32_BIT_CONVERSION = YES;
				GCC_WARN_ABOUT_RETURN_TYPE = YES_ERROR;
				GCC_WARN_UNDECLARED_SELECTOR = YES;
				GCC_WARN_UNINITIALIZED_AUTOS = YES_AGGRESSIVE;
				GCC_WARN_UNUSED_FUNCTION = YES;
				GCC_WARN_UNUSED_VARIABLE = YES;
				IPHONEOS_DEPLOYMENT_TARGET = 9.0;
				MTL_ENABLE_DEBUG_INFO = YES;
				ONLY_ACTIVE_ARCH = YES;
				SDKROOT = iphoneos;
			};
			name = Debug;
		};
		1AD626131B596E6200AB8518 /* Release */ = {
			isa = XCBuildConfiguration;
			buildSettings = {
				ALWAYS_SEARCH_USER_PATHS = NO;
				CLANG_CXX_LANGUAGE_STANDARD = "gnu++0x";
				CLANG_CXX_LIBRARY = "libc++";
				CLANG_ENABLE_MODULES = YES;
				CLANG_ENABLE_OBJC_ARC = YES;
				CLANG_WARN_BOOL_CONVERSION = YES;
				CLANG_WARN_CONSTANT_CONVERSION = YES;
				CLANG_WARN_DIRECT_OBJC_ISA_USAGE = YES_ERROR;
				CLANG_WARN_EMPTY_BODY = YES;
				CLANG_WARN_ENUM_CONVERSION = YES;
				CLANG_WARN_INT_CONVERSION = YES;
				CLANG_WARN_OBJC_ROOT_CLASS = YES_ERROR;
				CLANG_WARN_UNREACHABLE_CODE = YES;
				CLANG_WARN__DUPLICATE_METHOD_MATCH = YES;
				"CODE_SIGN_IDENTITY[sdk=iphoneos*]" = "iPhone Developer";
				COPY_PHASE_STRIP = NO;
				DEBUG_INFORMATION_FORMAT = "dwarf-with-dsym";
				ENABLE_NS_ASSERTIONS = NO;
				ENABLE_STRICT_OBJC_MSGSEND = YES;
				GCC_C_LANGUAGE_STANDARD = gnu99;
				GCC_NO_COMMON_BLOCKS = YES;
				GCC_WARN_64_TO_32_BIT_CONVERSION = YES;
				GCC_WARN_ABOUT_RETURN_TYPE = YES_ERROR;
				GCC_WARN_UNDECLARED_SELECTOR = YES;
				GCC_WARN_UNINITIALIZED_AUTOS = YES_AGGRESSIVE;
				GCC_WARN_UNUSED_FUNCTION = YES;
				GCC_WARN_UNUSED_VARIABLE = YES;
				IPHONEOS_DEPLOYMENT_TARGET = 9.0;
				MTL_ENABLE_DEBUG_INFO = NO;
				SDKROOT = iphoneos;
				VALIDATE_PRODUCT = YES;
			};
			name = Release;
		};
		1AD626151B596E6200AB8518 /* Debug */ = {
			isa = XCBuildConfiguration;
			baseConfigurationReference = 4B761D1E0956A1FEFAF6D024 /* Pods-Duotone.debug.xcconfig */;
			buildSettings = {
				ASSETCATALOG_COMPILER_APPICON_NAME = AppIcon;
				DEVELOPMENT_TEAM = LLV33K3333;
				INFOPLIST_FILE = Duotone/Info.plist;
				IPHONEOS_DEPLOYMENT_TARGET = 8.4;
				LD_RUNPATH_SEARCH_PATHS = "$(inherited) @executable_path/Frameworks";
				PRODUCT_BUNDLE_IDENTIFIER = com.72lions.Duotone;
				PRODUCT_NAME = "$(TARGET_NAME)";
			};
			name = Debug;
		};
		1AD626161B596E6200AB8518 /* Release */ = {
			isa = XCBuildConfiguration;
			baseConfigurationReference = 26D1C1256899BF7BCC60DEC0 /* Pods-Duotone.release.xcconfig */;
			buildSettings = {
				ASSETCATALOG_COMPILER_APPICON_NAME = AppIcon;
				DEVELOPMENT_TEAM = LLV33K3333;
				INFOPLIST_FILE = Duotone/Info.plist;
				IPHONEOS_DEPLOYMENT_TARGET = 8.4;
				LD_RUNPATH_SEARCH_PATHS = "$(inherited) @executable_path/Frameworks";
				PRODUCT_BUNDLE_IDENTIFIER = com.72lions.Duotone;
				PRODUCT_NAME = "$(TARGET_NAME)";
			};
			name = Release;
		};
/* End XCBuildConfiguration section */

/* Begin XCConfigurationList section */
		1AD625F81B596E6200AB8518 /* Build configuration list for PBXProject "Duotone" */ = {
			isa = XCConfigurationList;
			buildConfigurations = (
				1AD626121B596E6200AB8518 /* Debug */,
				1AD626131B596E6200AB8518 /* Release */,
			);
			defaultConfigurationIsVisible = 0;
			defaultConfigurationName = Release;
		};
		1AD626141B596E6200AB8518 /* Build configuration list for PBXNativeTarget "Duotone" */ = {
			isa = XCConfigurationList;
			buildConfigurations = (
				1AD626151B596E6200AB8518 /* Debug */,
				1AD626161B596E6200AB8518 /* Release */,
			);
			defaultConfigurationIsVisible = 0;
			defaultConfigurationName = Release;
		};
/* End XCConfigurationList section */
	};
	rootObject = 1AD625F51B596E6200AB8518 /* Project object */;
}
